# THIS IS AN AUTOGENERATED FILE. DO NOT EDIT THIS FILE DIRECTLY.
# yarn lockfile v1


big.js@^6.0.3:
  version "6.0.3"
  resolved "https://registry.npm.taobao.org/big.js/download/big.js-6.0.3.tgz#8b4d99ac7023668e0e465d3f78c23b8ac29ad381"
  integrity sha1-i02ZrHAjZo4ORl0/eMI7isKa04E=

estree-walker@^0.6.1:
  version "0.6.1"
  resolved "https://registry.npm.taobao.org/estree-walker/download/estree-walker-0.6.1.tgz#53049143f40c6eb918b23671d1fe3219f3a1b362"
  integrity sha1-UwSRQ/QMbrkYsjZx0f4yGfOhs2I=

fsevents@~2.3.1:
  version "2.3.2"
  resolved "https://registry.npm.taobao.org/fsevents/download/fsevents-2.3.2.tgz?cache=0&sync_timestamp=1612536409579&other_urls=https%3A%2F%2Fregistry.npm.taobao.org%2Ffsevents%2Fdownload%2Ffsevents-2.3.2.tgz#8a526f78b8fdf4623b709e0b975c52c24c02fd1a"
  integrity sha1-ilJveLj99GI7cJ4Ll1xSwkwC/Ro=

magic-string@^0.25.7:
  version "0.25.7"
  resolved "https://registry.npm.taobao.org/magic-string/download/magic-string-0.25.7.tgz#3f497d6fd34c669c6798dcb821f2ef31f5445051"
  integrity sha1-P0l9b9NMZpxnmNy4IfLvMfVEUFE=
  dependencies:
    sourcemap-codec "^1.4.4"

mime@^2.5.2:
  version "2.5.2"
  resolved "https://registry.npm.taobao.org/mime/download/mime-2.5.2.tgz?cache=0&sync_timestamp=1613615500287&other_urls=https%3A%2F%2Fregistry.npm.taobao.org%2Fmime%2Fdownload%2Fmime-2.5.2.tgz#6e3dc6cc2b9510643830e5f19d5cb753da5eeabe"
  integrity sha1-bj3GzCuVEGQ4MOXxnVy3U9pe6r4=

mkdirp@^1.0.4:
  version "1.0.4"
  resolved "https://registry.npm.taobao.org/mkdirp/download/mkdirp-1.0.4.tgz?cache=0&sync_timestamp=1604053732604&other_urls=https%3A%2F%2Fregistry.npm.taobao.org%2Fmkdirp%2Fdownload%2Fmkdirp-1.0.4.tgz#3eb5ed62622756d79a5f0e2a221dfebad75c2f7e"
  integrity sha1-PrXtYmInVteaXw4qIh3+utdcL34=

rollup-plugin-smart-asset@^2.1.1:
  version "2.1.1"
  resolved "https://registry.npm.taobao.org/rollup-plugin-smart-asset/download/rollup-plugin-smart-asset-2.1.1.tgz#5f701af1fb13e5a4e4b48af965c3d8279bc614df"
  integrity sha1-X3Aa8fsT5aTktIr5ZcPYJ5vGFN8=
  dependencies:
    big.js "^6.0.3"
    magic-string "^0.25.7"
    mime "^2.5.2"
    mkdirp "^1.0.4"
    rollup-pluginutils "^2.8.2"

rollup-pluginutils@^2.8.2:
  version "2.8.2"
  resolved "https://registry.npm.taobao.org/rollup-pluginutils/download/rollup-pluginutils-2.8.2.tgz#72f2af0748b592364dbd3389e600e5a9444a351e"
  integrity sha1-cvKvB0i1kjZNvTOJ5gDlqURKNR4=
  dependencies:
    estree-walker "^0.6.1"

rollup@^2.38.0:
  version "2.41.2"
  resolved "https://registry.npm.taobao.org/rollup/download/rollup-2.41.2.tgz#b7db5cb7c21c2d524e8b26ef39c7e9808a290c7e"
  integrity sha1-t9tct8IcLVJOiybvOcfpgIopDH4=
  optionalDependencies:
    fsevents "~2.3.1"

sourcemap-codec@^1.4.4:
  version "1.4.8"
  resolved "https://registry.npm.taobao.org/sourcemap-codec/download/sourcemap-codec-1.4.8.tgz#ea804bd94857402e6992d05a38ef1ae35a9ab4c4"
  integrity sha1-6oBL2UhXQC5pktBaOO8a41qatMQ=
